
Microsoft Visual Studio Solution File, Format Version 12.00
# Visual Studio Version 17
VisualStudioVersion = 17.9.34728.123
MinimumVisualStudioVersion = 10.0.40219.1
Project("{FAE04EC0-301F-11D3-BF4B-00C04F79EFBC}") = "Varos", "Varos.csproj", "{4007E837-DE71-4C76-A107-3EF5C2D5B0F6}"
EndProject
Global
	GlobalSection(SolutionConfigurationPlatforms) = preSolution
		Debug|Any CPU = Debug|Any CPU
		Release|Any CPU = Release|Any CPU
	EndGlobalSection
	GlobalSection(ProjectConfigurationPlatforms) = postSolution
		{4007E837-DE71-4C76-A107-3EF5C2D5B0F6}.Debug|Any CPU.ActiveCfg = Debug|Any CPU
		{4007E837-DE71-4C76-A107-3EF5C2D5B0F6}.Debug|Any CPU.Build.0 = Debug|Any CPU
		{4007E837-DE71-4C76-A107-3EF5C2D5B0F6}.Release|Any CPU.ActiveCfg = Release|Any CPU
		{4007E837-DE71-4C76-A107-3EF5C2D5B0F6}.Release|Any CPU.Build.0 = Release|Any CPU
	EndGlobalSection
	GlobalSection(SolutionProperties) = preSolution
		HideSolutionNode = FALSE
	EndGlobalSection
	GlobalSection(ExtensibilityGlobals) = postSolution
		SolutionGuid = {0420A1F2-DB95-48C9-9ED9-260AB3ABF737}
	EndGlobalSection
EndGlobal
